
Microsoft Visual Studio Solution File, Format Version 12.00
# Visual Studio Version 17
VisualStudioVersion = 17.12.35514.174 d17.12
MinimumVisualStudioVersion = 10.0.40219.1
Project("{FAE04EC0-301F-11D3-BF4B-00C04F79EFBC}") = "Producer.Api", "Producer.Api\Producer.Api.csproj", "{637B0197-DE92-4645-8C00-32A59A6677AD}"
EndProject
Project("{FAE04EC0-301F-11D3-BF4B-00C04F79EFBC}") = "Consumer.Api", "Consumer.Api\Consumer.Api.csproj", "{103C499C-0CDA-4D86-95BE-B6A0AA6C3347}"
EndProject
Project("{FAE04EC0-301F-11D3-BF4B-00C04F79EFBC}") = "Messages", "Messages\Messages.csproj", "{5840ADC3-F821-4BBF-861B-A743D3679D1C}"
EndProject
Global
	GlobalSection(SolutionConfigurationPlatforms) = preSolution
		Debug|Any CPU = Debug|Any CPU
		Release|Any CPU = Release|Any CPU
	EndGlobalSection
	GlobalSection(ProjectConfigurationPlatforms) = postSolution
		{637B0197-DE92-4645-8C00-32A59A6677AD}.Debug|Any CPU.ActiveCfg = Debug|Any CPU
		{637B0197-DE92-4645-8C00-32A59A6677AD}.Debug|Any CPU.Build.0 = Debug|Any CPU
		{637B0197-DE92-4645-8C00-32A59A6677AD}.Release|Any CPU.ActiveCfg = Release|Any CPU
		{637B0197-DE92-4645-8C00-32A59A6677AD}.Release|Any CPU.Build.0 = Release|Any CPU
		{103C499C-0CDA-4D86-95BE-B6A0AA6C3347}.Debug|Any CPU.ActiveCfg = Debug|Any CPU
		{103C499C-0CDA-4D86-95BE-B6A0AA6C3347}.Debug|Any CPU.Build.0 = Debug|Any CPU
		{103C499C-0CDA-4D86-95BE-B6A0AA6C3347}.Release|Any CPU.ActiveCfg = Release|Any CPU
		{103C499C-0CDA-4D86-95BE-B6A0AA6C3347}.Release|Any CPU.Build.0 = Release|Any CPU
		{5840ADC3-F821-4BBF-861B-A743D3679D1C}.Debug|Any CPU.ActiveCfg = Debug|Any CPU
		{5840ADC3-F821-4BBF-861B-A743D3679D1C}.Debug|Any CPU.Build.0 = Debug|Any CPU
		{5840ADC3-F821-4BBF-861B-A743D3679D1C}.Release|Any CPU.ActiveCfg = Release|Any CPU
		{5840ADC3-F821-4BBF-861B-A743D3679D1C}.Release|Any CPU.Build.0 = Release|Any CPU
	EndGlobalSection
	GlobalSection(SolutionProperties) = preSolution
		HideSolutionNode = FALSE
	EndGlobalSection
EndGlobal
